PODS:
  - DOUAudioStreamer (0.2.13)
  - JRSwizzle (1.0)
  - JxbDebugTool (3.8)
  - MAKVONotificationCenter (0.0.2)
  - NSLogger (1.5.1):
    - NSLogger/Standard (= 1.5.1)
  - NSLogger/Standard (1.5.1)
  - SDWebImage (3.7.5):
    - SDWebImage/Core (= 3.7.5)
  - SDWebImage/Core (3.7.5)
  - SmartDeviceLink-iOS (4.0.3)
  - ZFSDLProxy (0.0.1):
    - JRSwizzle (~> 1.0)
    - SmartDeviceLink-iOS (~> 4.0.2)

DEPENDENCIES:
  - DOUAudioStreamer (~> 0.2.13)
  - JxbDebugTool (~> 3.8)
  - MAKVONotificationCenter (~> 0.0.2)
  - NSLogger (~> 1.5.1)
  - SDWebImage (~> 3.7)
  - ZFSDLProxy (from `ZFSDLProxy.podspec`)

EXTERNAL SOURCES:
  ZFSDLProxy:
    :path: ZFSDLProxy.podspec

SPEC CHECKSUMS:
  DOUAudioStreamer: 4970f2b2f3f15e479e52263ecdb2f0ebe0a0c317
  JRSwizzle: dd5ead5d913a0f29e7f558200165849f006bb1e3
  JxbDebugTool: 78fb33429338b9ffa9169bdddd1c0b873a912c70
  MAKVONotificationCenter: eddfb85e77040323ee43a0fddbe616926ec005a8
  NSLogger: 5ed223a2436df96244e033be750656dacdeec034
  SDWebImage: 69c6303e3348fba97e03f65d65d4fbc26740f461
  SmartDeviceLink-iOS: 7202f0ea32ec4315b888d8c93796046bcf2309e5
  ZFSDLProxy: 00fefba15083c7bed011fdbbc7a2c061d60a2c07

COCOAPODS: 0.39.0
